
Microsoft Visual Studio Solution File, Format Version 12.00
# Visual Studio Version 16
VisualStudioVersion = 16.0.29709.97
MinimumVisualStudioVersion = 10.0.40219.1
Project("{FAE04EC0-301F-11D3-BF4B-00C04F79EFBC}") = "Blog", "Blog\Blog.csproj", "{BC578460-A681-4DF9-8014-0E84A3E2C928}"
EndProject
Global
	GlobalSection(SolutionConfigurationPlatforms) = preSolution
		Debug|Any CPU = Debug|Any CPU
		Release|Any CPU = Release|Any CPU
	EndGlobalSection
	GlobalSection(ProjectConfigurationPlatforms) = postSolution
		{BC578460-A681-4DF9-8014-0E84A3E2C928}.Debug|Any CPU.ActiveCfg = Debug|Any CPU
		{BC578460-A681-4DF9-8014-0E84A3E2C928}.Debug|Any CPU.Build.0 = Debug|Any CPU
		{BC578460-A681-4DF9-8014-0E84A3E2C928}.Release|Any CPU.ActiveCfg = Release|Any CPU
		{BC578460-A681-4DF9-8014-0E84A3E2C928}.Release|Any CPU.Build.0 = Release|Any CPU
	EndGlobalSection
	GlobalSection(SolutionProperties) = preSolution
		HideSolutionNode = FALSE
	EndGlobalSection
	GlobalSection(ExtensibilityGlobals) = postSolution
		SolutionGuid = {404C27F3-BB4A-4CCD-BB1E-242087B4CC86}
	EndGlobalSection
EndGlobal
